
Microsoft Visual Studio Solution File, Format Version 12.00
# Visual Studio Version 17
VisualStudioVersion = 17.7.34202.233
MinimumVisualStudioVersion = 10.0.40219.1
Project("{FAE04EC0-301F-11D3-BF4B-00C04F79EFBC}") = "Hamulator 1.1", "Hamulator 1.1\Hamulator 1.1.csproj", "{370D4C31-6FE9-4A84-89C2-24DDE2AFF66E}"
EndProject
Global
	GlobalSection(SolutionConfigurationPlatforms) = preSolution
		Debug|Any CPU = Debug|Any CPU
		Release|Any CPU = Release|Any CPU
	EndGlobalSection
	GlobalSection(ProjectConfigurationPlatforms) = postSolution
		{370D4C31-6FE9-4A84-89C2-24DDE2AFF66E}.Debug|Any CPU.ActiveCfg = Debug|Any CPU
		{370D4C31-6FE9-4A84-89C2-24DDE2AFF66E}.Debug|Any CPU.Build.0 = Debug|Any CPU
		{370D4C31-6FE9-4A84-89C2-24DDE2AFF66E}.Release|Any CPU.ActiveCfg = Release|Any CPU
		{370D4C31-6FE9-4A84-89C2-24DDE2AFF66E}.Release|Any CPU.Build.0 = Release|Any CPU
	EndGlobalSection
	GlobalSection(SolutionProperties) = preSolution
		HideSolutionNode = FALSE
	EndGlobalSection
	GlobalSection(ExtensibilityGlobals) = postSolution
		SolutionGuid = {5B9339FE-AEF9-4AE3-B391-9D16AC9127CC}
	EndGlobalSection
EndGlobal
